{
  "originHash" : "3922ca44285492620ba20278a417c8b85d543f9740a00ddbdbad212cd40dfc00",
  "pins" : [
    {
      "identity" : "sparkle",
      "kind" : "remoteSourceControl",
      "location" : "https://github.com/sparkle-project/Sparkle",
      "state" : {
        "revision" : "066e75a8b3e99962685d6a90cdd5293ebffd9261",
        "version" : "2.9.1"
      }
    },
    {
      "identity" : "swift-system",
      "kind" : "remoteSourceControl",
      "location" : "https://github.com/apple/swift-system.git",
      "state" : {
        "revision" : "869129b7bf4ecc57b97d0193ad29690ca2134750",
        "version" : "1.8.1"
      }
    },
    {
      "identity" : "swift-url",
      "kind" : "remoteSourceControl",
      "location" : "https://github.com/karwa/swift-url",
      "state" : {
        "revision" : "9306a962396a50d7d88e924afcd7ec67226763db",
        "version" : "0.4.2"
      }
    }
  ],
  "version" : 3
}
